
Microsoft Visual Studio Solution File, Format Version 12.00
# Visual Studio Version 17
VisualStudioVersion = 17.10.35013.160
MinimumVisualStudioVersion = 10.0.40219.1
Project("{D2ABAB84-BF74-430A-B69E-9DC6D40DDA17}") = "IB_CUBO_Analisis", "IB_CUBO_Analisis.dwproj", "{1DD008DD-91FA-4832-8817-BAE444A9E83D}"
EndProject
Global
	GlobalSection(SolutionConfigurationPlatforms) = preSolution
		Development|Default = Development|Default
	EndGlobalSection
	GlobalSection(ProjectConfigurationPlatforms) = postSolution
		{1DD008DD-91FA-4832-8817-BAE444A9E83D}.Development|Default.ActiveCfg = Development
		{1DD008DD-91FA-4832-8817-BAE444A9E83D}.Development|Default.Build.0 = Development
		{1DD008DD-91FA-4832-8817-BAE444A9E83D}.Development|Default.Deploy.0 = Development
	EndGlobalSection
	GlobalSection(SolutionProperties) = preSolution
		HideSolutionNode = FALSE
	EndGlobalSection
	GlobalSection(ExtensibilityGlobals) = postSolution
		SolutionGuid = {803AE381-E608-4972-999D-BE7C6D4E11A4}
	EndGlobalSection
EndGlobal
